{
  "version": "5",
  "specifiers": {
    "npm:ajv-formats@3.0.1": "3.0.1_ajv@8.17.1",
    "npm:ajv@8.17.1": "8.17.1",
    "npm:wabt@1.0.37": "1.0.37"
  },
  "npm": {
    "ajv-formats@3.0.1_ajv@8.17.1": {
      "integrity": "sha512-8iUql50EUR+uUcdRQ3HDqa6EVyo3docL8g5WJ3FNcWmu62IbkGUue/pEyLBW8VGKKucTPgqeks4fIU1DA4yowQ==",
      "dependencies": [
        "ajv"
      ],
      "optionalPeers": [
        "ajv"
      ]
    },
    "ajv@8.17.1": {
      "integrity": "sha512-B/gBuNg5SiMTrPkC+A2+cW0RszwxYmn6VYxB/inlBStS5nx6xHIt/ehKRhIMhqusl7a8LjQoZnjCs5vhwxOQ1g==",
      "dependencies": [
        "fast-deep-equal",
        "fast-uri",
        "json-schema-traverse",
        "require-from-string"
      ]
    },
    "fast-deep-equal@3.1.3": {
      "integrity": "sha512-f3qQ9oQy9j2AhBe/H9VC91wLmKBCCU/gDOnKNAYG5hswO7BLKj09Hc5HYNz9cGI++xlpDCIgDaitVs03ATR84Q=="
    },
    "fast-uri@3.1.2": {
      "integrity": "sha512-rVjf7ArG3LTk+FS6Yw81V1DLuZl1bRbNrev6Tmd/9RaroeeRRJhAt7jg/6YFxbvAQXUCavSoZhPPj6oOx+5KjQ=="
    },
    "json-schema-traverse@1.0.0": {
      "integrity": "sha512-NM8/P9n3XjXhIZn1lLhkFaACTOURQXjWhV4BA/RnOv8xvgqtqpAX9IO4mRQxSx1Rlo4tqzeqb0sOlruaOy3dug=="
    },
    "require-from-string@2.0.2": {
      "integrity": "sha512-Xf0nWe6RseziFMu+Ap9biiUbmplq6S9/p+7w7YXP/JBHhrUDDUhwa+vANyubuqfZWTveU//DYVGsDG7RKL/vEw=="
    },
    "wabt@1.0.37": {
      "integrity": "sha512-2B/TH4ppwtlkUosLtuIimKsTVnqM8aoXxYHnu/WOxiSqa+CGoZXmG+pQyfDQjEKIAc7GqFlJsuCKuK8rIPL1sg==",
      "bin": true
    }
  },
  "remote": {
    "http://127.0.0.1:32839/benchmarks/base/ml-numeric-kernels/workload.js": "39a58bea76b37f2741f0d0469cbf14e83d4da3a2e7a7db129c428cb85ee44866",
    "http://127.0.0.1:32839/ml-numeric-kernels-worker.js": "583744b9a477707aa0e7fcac7b30c499ac32ba207f824746a72f1a2e575b4840",
    "http://127.0.0.1:32903/benchmarks/dom-virtualized-scrolling/engine.js": "a198acebb5d4f9f441ecbb9cab72329a4fabb6920a7ca2af0f8596c45aa162dd",
    "http://127.0.0.1:32903/benchmarks/dom-virtualized-scrolling/worker.js": "4402f33d7a3390628ff1e9b102798a4627a8e11fd2cba5a775633ac5dedbf147",
    "http://127.0.0.1:32909/benchmarks/base/dom-virtualized-grid/engine.js": "61a7118613d056c669c2a90616a01913046f5bc7e21001e0658db9e83f5efd57",
    "http://127.0.0.1:32909/benchmarks/dom-virtualized-grid-v1/grid-worker.js": "8581496037d63e4094249094d790b0fe8508082757c64c2f4657ab9229f2929e",
    "http://127.0.0.1:32983/demo-worker.js": "4bd92df0c250ede2ea5e16f78a82d08263a5d56e59f43070386a69cfafe1351c",
    "http://127.0.0.1:33143/text-gc-document-edit-worker.js": "68f4116fd183e2363e5f9f4b0b98bf996c2e905ade4ccb5debf6482f4415f65c",
    "http://127.0.0.1:33143/worker-anchors.generated.js": "33765b17d0dfe1fd74a9cd8734d6fe25b94d6035bb045fad670c8cfcead86906",
    "http://127.0.0.1:33147/demo-worker.js": "4bd92df0c250ede2ea5e16f78a82d08263a5d56e59f43070386a69cfafe1351c",
    "http://127.0.0.1:33165/benchmarks/dom-keyed-list-mutation/engine.js": "34133fe947f599ce4574a2972db8c717efbc112c19d66390b0e0fdb9bbf4e947",
    "http://127.0.0.1:33165/benchmarks/dom-keyed-list-mutation/worker.js": "dd90c173ef9bc78b1429259003d15fa367690b2b2753e3612f6c34ba05530cd4",
    "http://127.0.0.1:33393/benchmarks/dom-dependent-form-validation/engine.js": "2cbb7a4f58ad907561b8083d10470a8eec5bd23eb3ef8dc0da4e75b7bcf92dde",
    "http://127.0.0.1:33393/benchmarks/dom-dependent-form-validation/worker.js": "dfedd23e80e4268ae430dfffbb15d0cb7405f3ae6542440ad6e4a339ff3bb9df",
    "http://127.0.0.1:33481/benchmarks/v2/text-markdown-cms/workload.js": "4146d07de30bbf0ffa2b34ab2edef7be8b7d5c8adfa55f1d2002b19a240ae29c",
    "http://127.0.0.1:33481/text-markdown-cms-worker.js": "12e46e6293f5e7210b6a7ff5559a956352fb3b97321d91bb766f01c6187f74b5",
    "http://127.0.0.1:33553/benchmarks/dom-grid-movement/engine.js": "8deb0f3e1caff2c9df5840b4cb59a0c622186885db862977e7d22780d21022b8",
    "http://127.0.0.1:33553/benchmarks/dom-grid-movement/worker.js": "42a735fa305a7467e5e12289fba82960bfcaec1c7c3cd9ede8836161820481fd",
    "http://127.0.0.1:33755/benchmarks/base/numeric-fft-spectral-filter/workload.js": "443d21266b4ac03ad3f5e56a776c4415f09f6d60dc510a698807cc7188fea8a7",
    "http://127.0.0.1:33755/benchmarks/numeric-fft-spectral-filter-v1/worker.js": "9b0977aba0ce356c3791c96f6f6193fd1e29f73edcae299bd06a52986f1f319b",
    "http://127.0.0.1:33803/benchmarks/v2/text-diff-patch/workload.js": "c859a02d24afb5446e17153d6ec7e3fb92087cd777c880fe0a000f0c132b3070",
    "http://127.0.0.1:33803/text-diff-patch-worker.js": "f56d6df143c454899518c5072558dd59f45a79ef2de4dde061da3690ce6fd743",
    "http://127.0.0.1:33831/base-audio-effects-worker.js": "e976e9132b0e1a6f886eaa5d7b8173db2ff34430243c0aeb45531c6981db4db1",
    "http://127.0.0.1:33883/benchmarks/v2/text-diff-patch/workload.js": "c859a02d24afb5446e17153d6ec7e3fb92087cd777c880fe0a000f0c132b3070",
    "http://127.0.0.1:33883/text-diff-patch-worker.js": "f56d6df143c454899518c5072558dd59f45a79ef2de4dde061da3690ce6fd743",
    "http://127.0.0.1:34089/benchmarks/base-gltf-viewer/worker.js": "1a31129d7bc07b0115ba88c7f76e20f030f248cb83a3431fc8f91e710bd0a00d",
    "http://127.0.0.1:34089/benchmarks/base/graphics-gltf-viewer/engine.js": "04fb6cc947222f2af5a077b0982ad201300823beb9424c1492729c9b891cfadb",
    "http://127.0.0.1:34119/benchmarks/dom-dependent-form-validation/engine.js": "2cbb7a4f58ad907561b8083d10470a8eec5bd23eb3ef8dc0da4e75b7bcf92dde",
    "http://127.0.0.1:34119/benchmarks/dom-dependent-form-validation/worker.js": "dfedd23e80e4268ae430dfffbb15d0cb7405f3ae6542440ad6e4a339ff3bb9df",
    "http://127.0.0.1:34127/benchmarks/base/numeric-polybench-panel/workload.js": "fe1cfdff4d26044b52d9fa539e3c66fd97853002101c57f271a227701cba3890",
    "http://127.0.0.1:34127/polybench-panel-worker.js": "d48d86c12e8b5ddf31da38a68f83cc2521f55b4fff0214d1fbc48c95fb8b8ddd",
    "http://127.0.0.1:34187/benchmarks/simulation-rigid-body-2d-v1/worker.js": "cd8622a8d2981ea2309f34e44a66498f326eeb3a4a331a0a12eb08e1b1fd8416",
    "http://127.0.0.1:34187/benchmarks/v1/simulation-rigid-body-2d/engine.js": "f511732ff41225e74cd152652b56fc9a9748bc7e09ae91d17b896b7d2d6bd6c6",
    "http://127.0.0.1:34187/benchmarks/v1/simulation-rigid-body-2d/fixture.js": "67ab6048acdf01a475e11efc05ccb3d0373a583a4910ad7b9f33a2e5a20604c7",
    "http://127.0.0.1:34207/demo-worker.js": "4bd92df0c250ede2ea5e16f78a82d08263a5d56e59f43070386a69cfafe1351c",
    "http://127.0.0.1:34209/benchmarks/base/document-pdf-viewer/engine.js": "ee98b74ea009a66da11afa55feba379ed275c8f7275e212c4934ea540b7f590b",
    "http://127.0.0.1:34209/benchmarks/document-pdf-viewer-v1/worker.js": "aca55ee3ad7a47c679417d823640d433251249c3045a2169fb0e792eb65676e5",
    "http://127.0.0.1:34603/benchmarks/base/database-olap-chart/browser-validation.js": "c2a453e817ab7c51d30a6317ed90cd9e9c1c9a06e509e1b75cbe6dc233af9af9",
    "http://127.0.0.1:34603/benchmarks/base/database-olap-chart/engine.js": "34430d57f3e4a6039d1c8ead6c10b0b5990992dbd1a3c32a025317961dedae19",
    "http://127.0.0.1:34603/benchmarks/base/database-olap-chart/fixture.js": "f35f1314f7f575d45477fe85342b5d5d05ed87642ef7672400c1eaf7ab1d3c45",
    "http://127.0.0.1:34603/benchmarks/database-olap-chart/worker.js": "6af6aa576da55880735a06f472020852775f6d335c5a5a5df3848adb5b485773",
    "http://127.0.0.1:34625/hosted-runner-core.js": "10947d8cb8e23ee0c687dc60b9745d83c6feb539f2b88e9acf1402746472ccd2",
    "http://127.0.0.1:34625/hosted-runner-worker.js": "68c2db9ab57cd7fc5c9ea44fb572f6afef6a0c903ce14838990876ce60d9bc73",
    "http://127.0.0.1:34787/benchmarks/simulation-rigid-body-2d-v1/worker.js": "cd8622a8d2981ea2309f34e44a66498f326eeb3a4a331a0a12eb08e1b1fd8416",
    "http://127.0.0.1:34787/benchmarks/v1/simulation-rigid-body-2d/engine.js": "f511732ff41225e74cd152652b56fc9a9748bc7e09ae91d17b896b7d2d6bd6c6",
    "http://127.0.0.1:34787/benchmarks/v1/simulation-rigid-body-2d/fixture.js": "67ab6048acdf01a475e11efc05ccb3d0373a583a4910ad7b9f33a2e5a20604c7",
    "http://127.0.0.1:34793/base-audio-effects-worker.js": "e976e9132b0e1a6f886eaa5d7b8173db2ff34430243c0aeb45531c6981db4db1",
    "http://127.0.0.1:35047/benchmarks/regex-automata-duel-demo/engine.js": "f90767836a49758070b106730212c87d7ab99946ddea602ab49cda8d90c1cddb",
    "http://127.0.0.1:35047/benchmarks/regex-automata-duel-demo/worker.js": "5ffc6a08fcddac85167e6fe2dab752abff45f6b8392df9612ffeb2678aba7458",
    "http://127.0.0.1:35055/base-server-ssr-worker.js": "7730f67732ef87325c713bdf79193a73562caf89df7ef7cecb3c0d612e67d2b9",
    "http://127.0.0.1:35055/benchmarks/v1/server-ssr-template/workload.js": "c26324abb0cbfa3441ae2db8507eaf12b38b09420c8da6e6c0fe66fc1a0a29f8",
    "http://127.0.0.1:35147/benchmarks/dom-keyed-list-mutation/engine.js": "34133fe947f599ce4574a2972db8c717efbc112c19d66390b0e0fdb9bbf4e947",
    "http://127.0.0.1:35147/benchmarks/dom-keyed-list-mutation/worker.js": "dd90c173ef9bc78b1429259003d15fa367690b2b2753e3612f6c34ba05530cd4",
    "http://127.0.0.1:35637/benchmarks/base/cad-mesh-repair/engine.js": "a35593509a9925e97f9ecfef1786f97d9db8f8b3ed4fe560735374ad03657531",
    "http://127.0.0.1:35637/benchmarks/cad-mesh-repair-v1/worker.js": "16fd9d318fc98714719ba0827f01e0bc8332bdc68560a5b77f3abd173371e879",
    "http://127.0.0.1:35637/worker-anchors.generated.js": "33765b17d0dfe1fd74a9cd8734d6fe25b94d6035bb045fad670c8cfcead86906",
    "http://127.0.0.1:36131/benchmarks/base/cad-mesh-repair/engine.js": "a35593509a9925e97f9ecfef1786f97d9db8f8b3ed4fe560735374ad03657531",
    "http://127.0.0.1:36131/benchmarks/cad-mesh-repair-v1/worker.js": "16fd9d318fc98714719ba0827f01e0bc8332bdc68560a5b77f3abd173371e879",
    "http://127.0.0.1:36131/worker-anchors.generated.js": "33765b17d0dfe1fd74a9cd8734d6fe25b94d6035bb045fad670c8cfcead86906",
    "http://127.0.0.1:36177/benchmarks/dom-table-sort-filter-pagination/engine.js": "51042f74b19191ff27eba60263b815eb4e7732efcccd2f790918a0d1af146aa1",
    "http://127.0.0.1:36177/benchmarks/dom-table-sort-filter-pagination/worker.js": "1913e30c74500221f7917280fd04cd07d034e8b30e7ffab72b8d2b665bddce79",
    "http://127.0.0.1:36235/benchmarks/base/crypto-authenticated-stream/engine.js": "9bcdf599bd38ded78774b3ead8babddcfab2a2c8727ddb7ba5aea62096beb12d",
    "http://127.0.0.1:36235/benchmarks/base/crypto-authenticated-stream/workload.js": "9eb38e36d3886c13e90b73c002f73b1898918088ddc50f125cb285b914cb592f",
    "http://127.0.0.1:36235/crypto-authenticated-stream-worker.js": "5639b3e0ee9bc68482910ba61ea01be7209c00dd50d6ae83779126de4b2eb8bf",
    "http://127.0.0.1:36315/benchmarks/image-demo-engine.js": "a827343537e508179c3c065e3e159e5d14563570eddee500ac3129874cc5680c",
    "http://127.0.0.1:36315/benchmarks/image-demo-js-engine.js": "92995589bdac77e148d304f0d1e6418fb3451d308193a5c54ce0b84e9b2c7eaa",
    "http://127.0.0.1:36315/benchmarks/image-demo-worker-core.js": "8fbe3c96b6c68e4108caf9d847b656ed62be476f1cb739901a21cf520931198e",
    "http://127.0.0.1:36315/benchmarks/image-demo-worker.js": "afc81a08a59a8f952e5c164c1fc5522b97b10bb45d00a245e87f27ec35ff7639",
    "http://127.0.0.1:36477/benchmarks/base/crypto-file-integrity/sha256.js": "20bd41efb935463a343aa70c287ccf6b99a3577e53d70fbcac7102920237718a",
    "http://127.0.0.1:36477/benchmarks/base/crypto-file-integrity/workload.js": "83e2397f945c9561bdeedd9752c657ac2cd7ad01031c45fdaec2297683b8bd70",
    "http://127.0.0.1:36477/crypto-file-integrity-worker.js": "abf44c890e28aab47712e2e6ad979dfce1e6c629bea1c183b1335f4566732738",
    "http://127.0.0.1:36535/benchmarks/base/tooling-c-to-wasm-compile/compiler-js.js": "b4d2b6e4b51d559560703d1aef3f465b5350cce4df6e59ad9739cbd792f72d44",
    "http://127.0.0.1:36535/benchmarks/tooling-c-to-wasm-compile-v1/worker.js": "d87816f869584c31d3b3dacd5bce661f75cec7682384e2cf3ddee3a3cdae09cd",
    "http://127.0.0.1:36589/benchmarks/v1/network-http2-quic-state/engine.js": "cf67a878b4c0e065e4e20812e5602bdcbfef38ce639c83d1684e1416f50913de",
    "http://127.0.0.1:36589/benchmarks/v1/network-http2-quic-state/fixture.js": "0dc085d49c8302dbed3cdd9b924dc71c93fd837fd7317cd7e6a82446ed54f7cc",
    "http://127.0.0.1:36589/network-http2-quic-state-worker.js": "7d67d6eca93ec366032968236781b45647e5846052c04962e9f009f454638e51",
    "http://127.0.0.1:36791/benchmarks/base/dom-virtualized-grid/engine.js": "61a7118613d056c669c2a90616a01913046f5bc7e21001e0658db9e83f5efd57",
    "http://127.0.0.1:36791/benchmarks/dom-virtualized-grid-v1/grid-worker.js": "8581496037d63e4094249094d790b0fe8508082757c64c2f4657ab9229f2929e",
    "http://127.0.0.1:37011/benchmarks/dom-nested-tree-mutation/engine.js": "5c9af4538f8cfea15962b5075e5c8036037efa34016dec2fd48c72b3a13b32ef",
    "http://127.0.0.1:37011/benchmarks/dom-nested-tree-mutation/worker.js": "1cfa58e206d7c99300f62232b78f257dc7d76ee7ed95a69aaef1f57227f29f15",
    "http://127.0.0.1:37037/text-gc-document-edit-worker.js": "68f4116fd183e2363e5f9f4b0b98bf996c2e905ade4ccb5debf6482f4415f65c",
    "http://127.0.0.1:37037/worker-anchors.generated.js": "33765b17d0dfe1fd74a9cd8734d6fe25b94d6035bb045fad670c8cfcead86906",
    "http://127.0.0.1:37625/benchmarks/base-dom-todomvc-journey/worker.js": "15c65a2679db8715bbb5d7343f605e8b52410a47f23c770381647e37246e3749",
    "http://127.0.0.1:37715/benchmarks/base/serialization-protobuf-gateway/workload.js": "f344d7a5e084b792a5354f8edd805893377dd65814ba14528f63b10b153b9214",
    "http://127.0.0.1:37715/benchmarks/serialization-protobuf-gateway/protobuf-worker.js": "e145533fffcebfc59a2589680f3142d0449e414c1ac86f6a7b8b8fb6abf56705",
    "http://127.0.0.1:37717/benchmarks/base/numeric-fft-spectral-filter/workload.js": "443d21266b4ac03ad3f5e56a776c4415f09f6d60dc510a698807cc7188fea8a7",
    "http://127.0.0.1:37717/benchmarks/numeric-fft-spectral-filter-v1/worker.js": "9b0977aba0ce356c3791c96f6f6193fd1e29f73edcae299bd06a52986f1f319b",
    "http://127.0.0.1:38009/benchmarks/base/document-pdf-viewer/engine.js": "ee98b74ea009a66da11afa55feba379ed275c8f7275e212c4934ea540b7f590b",
    "http://127.0.0.1:38009/benchmarks/document-pdf-viewer-v1/worker.js": "aca55ee3ad7a47c679417d823640d433251249c3045a2169fb0e792eb65676e5",
    "http://127.0.0.1:38021/benchmarks/base-dom-todomvc-journey/worker.js": "15c65a2679db8715bbb5d7343f605e8b52410a47f23c770381647e37246e3749",
    "http://127.0.0.1:38185/base-server-ssr-worker.js": "7730f67732ef87325c713bdf79193a73562caf89df7ef7cecb3c0d612e67d2b9",
    "http://127.0.0.1:38185/benchmarks/v1/server-ssr-template/workload.js": "c26324abb0cbfa3441ae2db8507eaf12b38b09420c8da6e6c0fe66fc1a0a29f8",
    "http://127.0.0.1:38283/telemetry-module-loader.js": "be4597255d4657f3b5b2e89a5461e3196a441f297dfd26cd59a42db4c6e5dcb1",
    "http://127.0.0.1:38283/telemetry-worker.js": "fd1d42643f351e4eebb349806978f17623aa65eeb0d19e068eccf2c1a87ef5e4",
    "http://127.0.0.1:38307/archive-zip-worker.js": "67e13259f2d7fcaf5be29c343526f48bcc9cee47e224f436896bd0a51b485e44",
    "http://127.0.0.1:38307/benchmarks/v1/archive-zip-workspace/engine.js": "16aadf39ada86ee406e76a6657a9fd905f9f02813dcf5bd1caf781791e5c985a",
    "http://127.0.0.1:38347/benchmarks/dom-grid-movement/engine.js": "8deb0f3e1caff2c9df5840b4cb59a0c622186885db862977e7d22780d21022b8",
    "http://127.0.0.1:38347/benchmarks/dom-grid-movement/worker.js": "42a735fa305a7467e5e12289fba82960bfcaec1c7c3cd9ede8836161820481fd",
    "http://127.0.0.1:38529/archive-zip-worker.js": "67e13259f2d7fcaf5be29c343526f48bcc9cee47e224f436896bd0a51b485e44",
    "http://127.0.0.1:38529/benchmarks/v1/archive-zip-workspace/engine.js": "16aadf39ada86ee406e76a6657a9fd905f9f02813dcf5bd1caf781791e5c985a",
    "http://127.0.0.1:38789/benchmarks/base/numeric-polybench-panel/workload.js": "fe1cfdff4d26044b52d9fa539e3c66fd97853002101c57f271a227701cba3890",
    "http://127.0.0.1:38789/polybench-panel-worker.js": "d48d86c12e8b5ddf31da38a68f83cc2521f55b4fff0214d1fbc48c95fb8b8ddd",
    "http://127.0.0.1:38907/benchmarks/v1/network-http2-quic-state/engine.js": "cf67a878b4c0e065e4e20812e5602bdcbfef38ce639c83d1684e1416f50913de",
    "http://127.0.0.1:38907/benchmarks/v1/network-http2-quic-state/fixture.js": "0dc085d49c8302dbed3cdd9b924dc71c93fd837fd7317cd7e6a82446ed54f7cc",
    "http://127.0.0.1:38907/network-http2-quic-state-worker.js": "7d67d6eca93ec366032968236781b45647e5846052c04962e9f009f454638e51",
    "http://127.0.0.1:38933/benchmarks/dom-virtualized-scrolling/engine.js": "a198acebb5d4f9f441ecbb9cab72329a4fabb6920a7ca2af0f8596c45aa162dd",
    "http://127.0.0.1:38933/benchmarks/dom-virtualized-scrolling/worker.js": "4402f33d7a3390628ff1e9b102798a4627a8e11fd2cba5a775633ac5dedbf147",
    "http://127.0.0.1:38965/benchmarks/base/serialization-protobuf-gateway/workload.js": "f344d7a5e084b792a5354f8edd805893377dd65814ba14528f63b10b153b9214",
    "http://127.0.0.1:38965/benchmarks/serialization-protobuf-gateway/protobuf-worker.js": "e145533fffcebfc59a2589680f3142d0449e414c1ac86f6a7b8b8fb6abf56705",
    "http://127.0.0.1:39129/benchmarks/base/crypto-authenticated-stream/engine.js": "9bcdf599bd38ded78774b3ead8babddcfab2a2c8727ddb7ba5aea62096beb12d",
    "http://127.0.0.1:39129/benchmarks/base/crypto-authenticated-stream/workload.js": "9eb38e36d3886c13e90b73c002f73b1898918088ddc50f125cb285b914cb592f",
    "http://127.0.0.1:39129/crypto-authenticated-stream-worker.js": "5639b3e0ee9bc68482910ba61ea01be7209c00dd50d6ae83779126de4b2eb8bf",
    "http://127.0.0.1:39145/benchmarks/base/dom-virtualized-grid/engine.js": "61a7118613d056c669c2a90616a01913046f5bc7e21001e0658db9e83f5efd57",
    "http://127.0.0.1:39145/benchmarks/dom-virtualized-grid-v1/grid-worker.js": "8581496037d63e4094249094d790b0fe8508082757c64c2f4657ab9229f2929e",
    "http://127.0.0.1:39149/benchmarks/dom-table-sort-filter-pagination/engine.js": "51042f74b19191ff27eba60263b815eb4e7732efcccd2f790918a0d1af146aa1",
    "http://127.0.0.1:39149/benchmarks/dom-table-sort-filter-pagination/worker.js": "1913e30c74500221f7917280fd04cd07d034e8b30e7ffab72b8d2b665bddce79",
    "http://127.0.0.1:39289/demo-worker.js": "4bd92df0c250ede2ea5e16f78a82d08263a5d56e59f43070386a69cfafe1351c",
    "http://127.0.0.1:39335/benchmarks/base/database-olap-chart/browser-validation.js": "c2a453e817ab7c51d30a6317ed90cd9e9c1c9a06e509e1b75cbe6dc233af9af9",
    "http://127.0.0.1:39335/benchmarks/base/database-olap-chart/engine.js": "34430d57f3e4a6039d1c8ead6c10b0b5990992dbd1a3c32a025317961dedae19",
    "http://127.0.0.1:39335/benchmarks/base/database-olap-chart/fixture.js": "f35f1314f7f575d45477fe85342b5d5d05ed87642ef7672400c1eaf7ab1d3c45",
    "http://127.0.0.1:39335/benchmarks/database-olap-chart/worker.js": "6af6aa576da55880735a06f472020852775f6d335c5a5a5df3848adb5b485773",
    "http://127.0.0.1:39369/benchmarks/ml-dense-mlp/neural-mlp-worker.js": "e99658b5ab1d59a40c073436abc078438b42b89fa077c3dac2789165343df7d4",
    "http://127.0.0.1:39369/benchmarks/v2/ml-dense-mlp/frozen-transcendentals.js": "d4f12721304638a0f860c14e47ba581fd391282c156524e99454548a53d997fd",
    "http://127.0.0.1:39369/benchmarks/v2/ml-dense-mlp/workload.js": "0ee215642683219d04258213a29ac3dd1b785e52eaa7509e4695bc02cdec56a4",
    "http://127.0.0.1:39369/benchmarks/v2/shared/allocations.js": "24eccf431792664186a59c7424bc9ff29b4dabc87d92db42848c6ff9b32523cc",
    "http://127.0.0.1:39369/benchmarks/v2/shared/generator.js": "c6f95cbd14eb172ed5496d504bd9772e1e2a315f9bfa903704b404f4d6b94f30",
    "http://127.0.0.1:39481/benchmarks/base/numeric-fft-spectral-filter/workload.js": "443d21266b4ac03ad3f5e56a776c4415f09f6d60dc510a698807cc7188fea8a7",
    "http://127.0.0.1:39481/benchmarks/numeric-fft-spectral-filter-v1/worker.js": "9b0977aba0ce356c3791c96f6f6193fd1e29f73edcae299bd06a52986f1f319b",
    "http://127.0.0.1:39533/benchmarks/dom-virtualized-scrolling/engine.js": "a198acebb5d4f9f441ecbb9cab72329a4fabb6920a7ca2af0f8596c45aa162dd",
    "http://127.0.0.1:39533/benchmarks/dom-virtualized-scrolling/worker.js": "4402f33d7a3390628ff1e9b102798a4627a8e11fd2cba5a775633ac5dedbf147",
    "http://127.0.0.1:39685/benchmarks/ml-dense-mlp/neural-mlp-worker.js": "e99658b5ab1d59a40c073436abc078438b42b89fa077c3dac2789165343df7d4",
    "http://127.0.0.1:39685/benchmarks/v2/ml-dense-mlp/frozen-transcendentals.js": "d4f12721304638a0f860c14e47ba581fd391282c156524e99454548a53d997fd",
    "http://127.0.0.1:39685/benchmarks/v2/ml-dense-mlp/workload.js": "0ee215642683219d04258213a29ac3dd1b785e52eaa7509e4695bc02cdec56a4",
    "http://127.0.0.1:39685/benchmarks/v2/shared/allocations.js": "24eccf431792664186a59c7424bc9ff29b4dabc87d92db42848c6ff9b32523cc",
    "http://127.0.0.1:39685/benchmarks/v2/shared/generator.js": "c6f95cbd14eb172ed5496d504bd9772e1e2a315f9bfa903704b404f4d6b94f30",
    "http://127.0.0.1:39703/telemetry-module-loader.js": "be4597255d4657f3b5b2e89a5461e3196a441f297dfd26cd59a42db4c6e5dcb1",
    "http://127.0.0.1:39703/telemetry-worker.js": "fd1d42643f351e4eebb349806978f17623aa65eeb0d19e068eccf2c1a87ef5e4",
    "http://127.0.0.1:39715/benchmarks/base-v1/graphics-cpu-path-tracer/engine.js": "9462bf9309c2c97963df8fb3d7006dcb6c818aa4b1392add386b62e89dc0126e",
    "http://127.0.0.1:39715/benchmarks/base-v1/graphics-cpu-path-tracer/reference.js": "ee100cc3390585a64bb0adb14b1efd99ed1de1fa0b09d5eafdce35de0a3a7862",
    "http://127.0.0.1:39715/benchmarks/graphics-cpu-path-tracer-v1/worker.js": "72a14b5b410012052b1ada37ba1b18dc996de5f38825b6bab9418bed3437f8ec",
    "http://127.0.0.1:39719/benchmarks/base-v1/graphics-cpu-path-tracer/engine.js": "9462bf9309c2c97963df8fb3d7006dcb6c818aa4b1392add386b62e89dc0126e",
    "http://127.0.0.1:39719/benchmarks/base-v1/graphics-cpu-path-tracer/reference.js": "ee100cc3390585a64bb0adb14b1efd99ed1de1fa0b09d5eafdce35de0a3a7862",
    "http://127.0.0.1:39719/benchmarks/graphics-cpu-path-tracer-v1/worker.js": "72a14b5b410012052b1ada37ba1b18dc996de5f38825b6bab9418bed3437f8ec",
    "http://127.0.0.1:39827/benchmarks/dom-grid-movement/engine.js": "8deb0f3e1caff2c9df5840b4cb59a0c622186885db862977e7d22780d21022b8",
    "http://127.0.0.1:39827/benchmarks/dom-grid-movement/worker.js": "42a735fa305a7467e5e12289fba82960bfcaec1c7c3cd9ede8836161820481fd",
    "http://127.0.0.1:39973/demo-worker.js": "4bd92df0c250ede2ea5e16f78a82d08263a5d56e59f43070386a69cfafe1351c",
    "http://127.0.0.1:40053/benchmarks/base/serialization-protobuf-gateway/workload.js": "f344d7a5e084b792a5354f8edd805893377dd65814ba14528f63b10b153b9214",
    "http://127.0.0.1:40053/benchmarks/serialization-protobuf-gateway/protobuf-worker.js": "e145533fffcebfc59a2589680f3142d0449e414c1ac86f6a7b8b8fb6abf56705",
    "http://127.0.0.1:40129/benchmarks/ml-gemm/neural-gemm-worker.js": "ca76f239bbc914a10f8cc1055d66ef03a9ad405c303e43bd24071b600b0e8c9b",
    "http://127.0.0.1:40129/benchmarks/v2/ml-gemm/workload.js": "d2dbc04bf3146adc1533cf2913eef44004dc6d0b5fba14a81f47bc5fbc60d030",
    "http://127.0.0.1:40129/benchmarks/v2/shared/allocations.js": "24eccf431792664186a59c7424bc9ff29b4dabc87d92db42848c6ff9b32523cc",
    "http://127.0.0.1:40129/benchmarks/v2/shared/generator.js": "c6f95cbd14eb172ed5496d504bd9772e1e2a315f9bfa903704b404f4d6b94f30",
    "http://127.0.0.1:40171/benchmarks/dom-nested-tree-mutation/engine.js": "5c9af4538f8cfea15962b5075e5c8036037efa34016dec2fd48c72b3a13b32ef",
    "http://127.0.0.1:40171/benchmarks/dom-nested-tree-mutation/worker.js": "1cfa58e206d7c99300f62232b78f257dc7d76ee7ed95a69aaef1f57227f29f15",
    "http://127.0.0.1:40209/benchmarks/base/crypto-authenticated-stream/engine.js": "9bcdf599bd38ded78774b3ead8babddcfab2a2c8727ddb7ba5aea62096beb12d",
    "http://127.0.0.1:40209/benchmarks/base/crypto-authenticated-stream/workload.js": "9eb38e36d3886c13e90b73c002f73b1898918088ddc50f125cb285b914cb592f",
    "http://127.0.0.1:40209/crypto-authenticated-stream-worker.js": "5639b3e0ee9bc68482910ba61ea01be7209c00dd50d6ae83779126de4b2eb8bf",
    "http://127.0.0.1:40239/base-audio-effects-worker.js": "e976e9132b0e1a6f886eaa5d7b8173db2ff34430243c0aeb45531c6981db4db1",
    "http://127.0.0.1:40417/benchmarks/image-demo-engine.js": "a827343537e508179c3c065e3e159e5d14563570eddee500ac3129874cc5680c",
    "http://127.0.0.1:40417/benchmarks/image-demo-js-engine.js": "92995589bdac77e148d304f0d1e6418fb3451d308193a5c54ce0b84e9b2c7eaa",
    "http://127.0.0.1:40417/benchmarks/image-demo-worker-core.js": "8fbe3c96b6c68e4108caf9d847b656ed62be476f1cb739901a21cf520931198e",
    "http://127.0.0.1:40417/benchmarks/image-demo-worker.js": "afc81a08a59a8f952e5c164c1fc5522b97b10bb45d00a245e87f27ec35ff7639",
    "http://127.0.0.1:40483/benchmarks/vdom-diff-patch-demo/engine.js": "215d33afb888bd43a142d14f3db2da31f74c900bac32a85d69fd9fd256543ce5",
    "http://127.0.0.1:40483/benchmarks/vdom-diff-patch-demo/worker.js": "57a430e0f0839d96720c96b30cc323771b1bece997be64ecc9982a4a3dc45cf0",
    "http://127.0.0.1:40519/telemetry-module-loader.js": "be4597255d4657f3b5b2e89a5461e3196a441f297dfd26cd59a42db4c6e5dcb1",
    "http://127.0.0.1:40519/telemetry-worker.js": "fd1d42643f351e4eebb349806978f17623aa65eeb0d19e068eccf2c1a87ef5e4",
    "http://127.0.0.1:40927/benchmarks/base/network-pcap-decode/engine.js": "d9774e2c33954f3250dba1f261af5bd730f8d35e9a7000bbee575cd010a4b077",
    "http://127.0.0.1:40927/pcap-decode-worker.js": "507cbe8f4df5a49748fcd87689927b0e5d2bdfe0e5ec3d183bb668e148cd1d99",
    "http://127.0.0.1:40927/worker-anchors.generated.js": "33765b17d0dfe1fd74a9cd8734d6fe25b94d6035bb045fad670c8cfcead86906",
    "http://127.0.0.1:40929/benchmarks/image-demo-engine.js": "a827343537e508179c3c065e3e159e5d14563570eddee500ac3129874cc5680c",
    "http://127.0.0.1:40929/benchmarks/image-demo-js-engine.js": "92995589bdac77e148d304f0d1e6418fb3451d308193a5c54ce0b84e9b2c7eaa",
    "http://127.0.0.1:40929/benchmarks/image-demo-worker-core.js": "8fbe3c96b6c68e4108caf9d847b656ed62be476f1cb739901a21cf520931198e",
    "http://127.0.0.1:40929/benchmarks/image-demo-worker.js": "afc81a08a59a8f952e5c164c1fc5522b97b10bb45d00a245e87f27ec35ff7639",
    "http://127.0.0.1:41027/benchmarks/dom-dependent-form-validation/engine.js": "2cbb7a4f58ad907561b8083d10470a8eec5bd23eb3ef8dc0da4e75b7bcf92dde",
    "http://127.0.0.1:41027/benchmarks/dom-dependent-form-validation/worker.js": "dfedd23e80e4268ae430dfffbb15d0cb7405f3ae6542440ad6e4a339ff3bb9df",
    "http://127.0.0.1:41531/demo-worker.js": "4bd92df0c250ede2ea5e16f78a82d08263a5d56e59f43070386a69cfafe1351c",
    "http://127.0.0.1:41537/base-server-ssr-worker.js": "7730f67732ef87325c713bdf79193a73562caf89df7ef7cecb3c0d612e67d2b9",
    "http://127.0.0.1:41537/benchmarks/v1/server-ssr-template/workload.js": "c26324abb0cbfa3441ae2db8507eaf12b38b09420c8da6e6c0fe66fc1a0a29f8",
    "http://127.0.0.1:41773/benchmarks/base/crypto-file-integrity/sha256.js": "20bd41efb935463a343aa70c287ccf6b99a3577e53d70fbcac7102920237718a",
    "http://127.0.0.1:41773/benchmarks/base/crypto-file-integrity/workload.js": "83e2397f945c9561bdeedd9752c657ac2cd7ad01031c45fdaec2297683b8bd70",
    "http://127.0.0.1:41773/crypto-file-integrity-worker.js": "abf44c890e28aab47712e2e6ad979dfce1e6c629bea1c183b1335f4566732738",
    "http://127.0.0.1:41857/benchmarks/base/ml-numeric-kernels/workload.js": "39a58bea76b37f2741f0d0469cbf14e83d4da3a2e7a7db129c428cb85ee44866",
    "http://127.0.0.1:41857/ml-numeric-kernels-worker.js": "583744b9a477707aa0e7fcac7b30c499ac32ba207f824746a72f1a2e575b4840",
    "http://127.0.0.1:41899/benchmarks/base/network-pcap-decode/engine.js": "d9774e2c33954f3250dba1f261af5bd730f8d35e9a7000bbee575cd010a4b077",
    "http://127.0.0.1:41899/pcap-decode-worker.js": "507cbe8f4df5a49748fcd87689927b0e5d2bdfe0e5ec3d183bb668e148cd1d99",
    "http://127.0.0.1:41899/worker-anchors.generated.js": "33765b17d0dfe1fd74a9cd8734d6fe25b94d6035bb045fad670c8cfcead86906",
    "http://127.0.0.1:41931/benchmarks/dom-nested-tree-mutation/engine.js": "5c9af4538f8cfea15962b5075e5c8036037efa34016dec2fd48c72b3a13b32ef",
    "http://127.0.0.1:41931/benchmarks/dom-nested-tree-mutation/worker.js": "1cfa58e206d7c99300f62232b78f257dc7d76ee7ed95a69aaef1f57227f29f15",
    "http://127.0.0.1:41959/hosted-runner-core.js": "10947d8cb8e23ee0c687dc60b9745d83c6feb539f2b88e9acf1402746472ccd2",
    "http://127.0.0.1:41959/hosted-runner-worker.js": "68c2db9ab57cd7fc5c9ea44fb572f6afef6a0c903ce14838990876ce60d9bc73",
    "http://127.0.0.1:42049/base-ml-keyword-spotting-worker.js": "bfafb03e5625880b0f6500a2fd17c833a9cecec430de0b29fd996457bcfdc2b5",
    "http://127.0.0.1:42049/benchmarks/base/ml-keyword-spotting/constants.v1.js": "2c3f5268662464487a48c16bf159802550cfd306e81d47cd982b179ca5208a41",
    "http://127.0.0.1:42049/benchmarks/base/ml-keyword-spotting/engine.js": "1b5758d0563fadb0fe022227e1d58f7317ea1ea683fc78f3384b985609cf695f",
    "http://127.0.0.1:42089/benchmarks/base/network-pcap-decode/engine.js": "d9774e2c33954f3250dba1f261af5bd730f8d35e9a7000bbee575cd010a4b077",
    "http://127.0.0.1:42089/pcap-decode-worker.js": "507cbe8f4df5a49748fcd87689927b0e5d2bdfe0e5ec3d183bb668e148cd1d99",
    "http://127.0.0.1:42089/worker-anchors.generated.js": "06f1eaa49e045a2f02a36dac75606eea9740fe0e625796c873d0e00fb6b9692f",
    "http://127.0.0.1:42097/benchmarks/image-demo-engine.js": "a827343537e508179c3c065e3e159e5d14563570eddee500ac3129874cc5680c",
    "http://127.0.0.1:42097/benchmarks/image-demo-js-engine.js": "92995589bdac77e148d304f0d1e6418fb3451d308193a5c54ce0b84e9b2c7eaa",
    "http://127.0.0.1:42097/benchmarks/image-demo-worker-core.js": "8fbe3c96b6c68e4108caf9d847b656ed62be476f1cb739901a21cf520931198e",
    "http://127.0.0.1:42097/benchmarks/image-demo-worker.js": "afc81a08a59a8f952e5c164c1fc5522b97b10bb45d00a245e87f27ec35ff7639",
    "http://127.0.0.1:42121/benchmarks/image-demo-engine.js": "a827343537e508179c3c065e3e159e5d14563570eddee500ac3129874cc5680c",
    "http://127.0.0.1:42121/benchmarks/image-demo-js-engine.js": "92995589bdac77e148d304f0d1e6418fb3451d308193a5c54ce0b84e9b2c7eaa",
    "http://127.0.0.1:42121/benchmarks/image-demo-worker-core.js": "8fbe3c96b6c68e4108caf9d847b656ed62be476f1cb739901a21cf520931198e",
    "http://127.0.0.1:42121/benchmarks/image-demo-worker.js": "afc81a08a59a8f952e5c164c1fc5522b97b10bb45d00a245e87f27ec35ff7639",
    "http://127.0.0.1:42123/benchmarks/base/crypto-file-integrity/sha256.js": "20bd41efb935463a343aa70c287ccf6b99a3577e53d70fbcac7102920237718a",
    "http://127.0.0.1:42123/benchmarks/base/crypto-file-integrity/workload.js": "83e2397f945c9561bdeedd9752c657ac2cd7ad01031c45fdaec2297683b8bd70",
    "http://127.0.0.1:42123/crypto-file-integrity-worker.js": "abf44c890e28aab47712e2e6ad979dfce1e6c629bea1c183b1335f4566732738",
    "http://127.0.0.1:42233/benchmarks/base-dom-todomvc-journey/worker.js": "15c65a2679db8715bbb5d7343f605e8b52410a47f23c770381647e37246e3749",
    "http://127.0.0.1:42265/benchmarks/image-demo-engine.js": "a827343537e508179c3c065e3e159e5d14563570eddee500ac3129874cc5680c",
    "http://127.0.0.1:42265/benchmarks/image-demo-js-engine.js": "92995589bdac77e148d304f0d1e6418fb3451d308193a5c54ce0b84e9b2c7eaa",
    "http://127.0.0.1:42265/benchmarks/image-demo-worker-core.js": "8fbe3c96b6c68e4108caf9d847b656ed62be476f1cb739901a21cf520931198e",
    "http://127.0.0.1:42265/benchmarks/image-demo-worker.js": "afc81a08a59a8f952e5c164c1fc5522b97b10bb45d00a245e87f27ec35ff7639",
    "http://127.0.0.1:42359/benchmarks/base/ml-numeric-kernels/workload.js": "39a58bea76b37f2741f0d0469cbf14e83d4da3a2e7a7db129c428cb85ee44866",
    "http://127.0.0.1:42359/ml-numeric-kernels-worker.js": "583744b9a477707aa0e7fcac7b30c499ac32ba207f824746a72f1a2e575b4840",
    "http://127.0.0.1:42461/benchmarks/ml-dense-mlp/neural-mlp-worker.js": "e99658b5ab1d59a40c073436abc078438b42b89fa077c3dac2789165343df7d4",
    "http://127.0.0.1:42461/benchmarks/v2/ml-dense-mlp/frozen-transcendentals.js": "d4f12721304638a0f860c14e47ba581fd391282c156524e99454548a53d997fd",
    "http://127.0.0.1:42461/benchmarks/v2/ml-dense-mlp/workload.js": "0ee215642683219d04258213a29ac3dd1b785e52eaa7509e4695bc02cdec56a4",
    "http://127.0.0.1:42461/benchmarks/v2/shared/allocations.js": "24eccf431792664186a59c7424bc9ff29b4dabc87d92db42848c6ff9b32523cc",
    "http://127.0.0.1:42461/benchmarks/v2/shared/generator.js": "c6f95cbd14eb172ed5496d504bd9772e1e2a315f9bfa903704b404f4d6b94f30",
    "http://127.0.0.1:42485/benchmarks/base/tooling-c-to-wasm-compile/compiler-js.js": "b4d2b6e4b51d559560703d1aef3f465b5350cce4df6e59ad9739cbd792f72d44",
    "http://127.0.0.1:42485/benchmarks/tooling-c-to-wasm-compile-v1/worker.js": "d87816f869584c31d3b3dacd5bce661f75cec7682384e2cf3ddee3a3cdae09cd",
    "http://127.0.0.1:42603/benchmarks/base-gltf-viewer/worker.js": "1a31129d7bc07b0115ba88c7f76e20f030f248cb83a3431fc8f91e710bd0a00d",
    "http://127.0.0.1:42603/benchmarks/base/graphics-gltf-viewer/engine.js": "04fb6cc947222f2af5a077b0982ad201300823beb9424c1492729c9b891cfadb",
    "http://127.0.0.1:42765/benchmarks/base/cad-mesh-repair/engine.js": "a35593509a9925e97f9ecfef1786f97d9db8f8b3ed4fe560735374ad03657531",
    "http://127.0.0.1:42765/benchmarks/cad-mesh-repair-v1/worker.js": "16fd9d318fc98714719ba0827f01e0bc8332bdc68560a5b77f3abd173371e879",
    "http://127.0.0.1:42765/worker-anchors.generated.js": "de34d7df30ae55a8af57f9d1dba03e6ed9cd95bef5d46267d5701666bf9e6ec1",
    "http://127.0.0.1:42831/benchmarks/base/tooling-c-to-wasm-compile/compiler-js.js": "b4d2b6e4b51d559560703d1aef3f465b5350cce4df6e59ad9739cbd792f72d44",
    "http://127.0.0.1:42831/benchmarks/tooling-c-to-wasm-compile-v1/worker.js": "d87816f869584c31d3b3dacd5bce661f75cec7682384e2cf3ddee3a3cdae09cd",
    "http://127.0.0.1:42871/benchmarks/v2/text-diff-patch/workload.js": "c859a02d24afb5446e17153d6ec7e3fb92087cd777c880fe0a000f0c132b3070",
    "http://127.0.0.1:42871/text-diff-patch-worker.js": "f56d6df143c454899518c5072558dd59f45a79ef2de4dde061da3690ce6fd743",
    "http://127.0.0.1:42875/benchmarks/ml-gemm/neural-gemm-worker.js": "ca76f239bbc914a10f8cc1055d66ef03a9ad405c303e43bd24071b600b0e8c9b",
    "http://127.0.0.1:42875/benchmarks/v2/ml-gemm/workload.js": "d2dbc04bf3146adc1533cf2913eef44004dc6d0b5fba14a81f47bc5fbc60d030",
    "http://127.0.0.1:42875/benchmarks/v2/shared/allocations.js": "24eccf431792664186a59c7424bc9ff29b4dabc87d92db42848c6ff9b32523cc",
    "http://127.0.0.1:42875/benchmarks/v2/shared/generator.js": "c6f95cbd14eb172ed5496d504bd9772e1e2a315f9bfa903704b404f4d6b94f30",
    "http://127.0.0.1:43349/benchmarks/v1/network-http2-quic-state/engine.js": "cf67a878b4c0e065e4e20812e5602bdcbfef38ce639c83d1684e1416f50913de",
    "http://127.0.0.1:43349/benchmarks/v1/network-http2-quic-state/fixture.js": "0dc085d49c8302dbed3cdd9b924dc71c93fd837fd7317cd7e6a82446ed54f7cc",
    "http://127.0.0.1:43349/network-http2-quic-state-worker.js": "7d67d6eca93ec366032968236781b45647e5846052c04962e9f009f454638e51",
    "http://127.0.0.1:43473/demo-worker.js": "4bd92df0c250ede2ea5e16f78a82d08263a5d56e59f43070386a69cfafe1351c",
    "http://127.0.0.1:43553/benchmarks/base-v1/graphics-cpu-path-tracer/engine.js": "9462bf9309c2c97963df8fb3d7006dcb6c818aa4b1392add386b62e89dc0126e",
    "http://127.0.0.1:43553/benchmarks/base-v1/graphics-cpu-path-tracer/reference.js": "ee100cc3390585a64bb0adb14b1efd99ed1de1fa0b09d5eafdce35de0a3a7862",
    "http://127.0.0.1:43553/benchmarks/graphics-cpu-path-tracer-v1/worker.js": "72a14b5b410012052b1ada37ba1b18dc996de5f38825b6bab9418bed3437f8ec",
    "http://127.0.0.1:43561/base-ml-keyword-spotting-worker.js": "bfafb03e5625880b0f6500a2fd17c833a9cecec430de0b29fd996457bcfdc2b5",
    "http://127.0.0.1:43561/benchmarks/base/ml-keyword-spotting/constants.v1.js": "2c3f5268662464487a48c16bf159802550cfd306e81d47cd982b179ca5208a41",
    "http://127.0.0.1:43561/benchmarks/base/ml-keyword-spotting/engine.js": "1b5758d0563fadb0fe022227e1d58f7317ea1ea683fc78f3384b985609cf695f",
    "http://127.0.0.1:43597/benchmarks/simulation-rigid-body-2d-v1/worker.js": "cd8622a8d2981ea2309f34e44a66498f326eeb3a4a331a0a12eb08e1b1fd8416",
    "http://127.0.0.1:43597/benchmarks/v1/simulation-rigid-body-2d/engine.js": "f511732ff41225e74cd152652b56fc9a9748bc7e09ae91d17b896b7d2d6bd6c6",
    "http://127.0.0.1:43597/benchmarks/v1/simulation-rigid-body-2d/fixture.js": "67ab6048acdf01a475e11efc05ccb3d0373a583a4910ad7b9f33a2e5a20604c7",
    "http://127.0.0.1:43601/hosted-runner-core.js": "10947d8cb8e23ee0c687dc60b9745d83c6feb539f2b88e9acf1402746472ccd2",
    "http://127.0.0.1:43601/hosted-runner-worker.js": "68c2db9ab57cd7fc5c9ea44fb572f6afef6a0c903ce14838990876ce60d9bc73",
    "http://127.0.0.1:43711/benchmarks/base/numeric-polybench-panel/workload.js": "fe1cfdff4d26044b52d9fa539e3c66fd97853002101c57f271a227701cba3890",
    "http://127.0.0.1:43711/polybench-panel-worker.js": "d48d86c12e8b5ddf31da38a68f83cc2521f55b4fff0214d1fbc48c95fb8b8ddd",
    "http://127.0.0.1:43979/benchmarks/vdom-diff-patch-demo/engine.js": "215d33afb888bd43a142d14f3db2da31f74c900bac32a85d69fd9fd256543ce5",
    "http://127.0.0.1:43979/benchmarks/vdom-diff-patch-demo/worker.js": "57a430e0f0839d96720c96b30cc323771b1bece997be64ecc9982a4a3dc45cf0",
    "http://127.0.0.1:44159/demo-worker.js": "4bd92df0c250ede2ea5e16f78a82d08263a5d56e59f43070386a69cfafe1351c",
    "http://127.0.0.1:44429/demo-worker.js": "4bd92df0c250ede2ea5e16f78a82d08263a5d56e59f43070386a69cfafe1351c",
    "http://127.0.0.1:44435/benchmarks/regex-automata-duel-demo/engine.js": "f90767836a49758070b106730212c87d7ab99946ddea602ab49cda8d90c1cddb",
    "http://127.0.0.1:44435/benchmarks/regex-automata-duel-demo/worker.js": "5ffc6a08fcddac85167e6fe2dab752abff45f6b8392df9612ffeb2678aba7458",
    "http://127.0.0.1:44761/text-gc-document-edit-worker.js": "68f4116fd183e2363e5f9f4b0b98bf996c2e905ade4ccb5debf6482f4415f65c",
    "http://127.0.0.1:44761/worker-anchors.generated.js": "33765b17d0dfe1fd74a9cd8734d6fe25b94d6035bb045fad670c8cfcead86906",
    "http://127.0.0.1:44849/benchmarks/v2/text-markdown-cms/workload.js": "4146d07de30bbf0ffa2b34ab2edef7be8b7d5c8adfa55f1d2002b19a240ae29c",
    "http://127.0.0.1:44849/text-markdown-cms-worker.js": "12e46e6293f5e7210b6a7ff5559a956352fb3b97321d91bb766f01c6187f74b5",
    "http://127.0.0.1:45139/benchmarks/dom-keyed-list-mutation/engine.js": "34133fe947f599ce4574a2972db8c717efbc112c19d66390b0e0fdb9bbf4e947",
    "http://127.0.0.1:45139/benchmarks/dom-keyed-list-mutation/worker.js": "dd90c173ef9bc78b1429259003d15fa367690b2b2753e3612f6c34ba05530cd4",
    "http://127.0.0.1:45265/benchmarks/vdom-diff-patch-demo/engine.js": "215d33afb888bd43a142d14f3db2da31f74c900bac32a85d69fd9fd256543ce5",
    "http://127.0.0.1:45265/benchmarks/vdom-diff-patch-demo/worker.js": "57a430e0f0839d96720c96b30cc323771b1bece997be64ecc9982a4a3dc45cf0",
    "http://127.0.0.1:45407/benchmarks/dom-table-sort-filter-pagination/engine.js": "51042f74b19191ff27eba60263b815eb4e7732efcccd2f790918a0d1af146aa1",
    "http://127.0.0.1:45407/benchmarks/dom-table-sort-filter-pagination/worker.js": "1913e30c74500221f7917280fd04cd07d034e8b30e7ffab72b8d2b665bddce79",
    "http://127.0.0.1:45503/benchmarks/base/database-olap-chart/browser-validation.js": "c2a453e817ab7c51d30a6317ed90cd9e9c1c9a06e509e1b75cbe6dc233af9af9",
    "http://127.0.0.1:45503/benchmarks/base/database-olap-chart/engine.js": "34430d57f3e4a6039d1c8ead6c10b0b5990992dbd1a3c32a025317961dedae19",
    "http://127.0.0.1:45503/benchmarks/base/database-olap-chart/fixture.js": "f35f1314f7f575d45477fe85342b5d5d05ed87642ef7672400c1eaf7ab1d3c45",
    "http://127.0.0.1:45503/benchmarks/database-olap-chart/worker.js": "6af6aa576da55880735a06f472020852775f6d335c5a5a5df3848adb5b485773",
    "http://127.0.0.1:45547/benchmarks/regex-automata-duel-demo/engine.js": "f90767836a49758070b106730212c87d7ab99946ddea602ab49cda8d90c1cddb",
    "http://127.0.0.1:45547/benchmarks/regex-automata-duel-demo/worker.js": "5ffc6a08fcddac85167e6fe2dab752abff45f6b8392df9612ffeb2678aba7458",
    "http://127.0.0.1:45551/benchmarks/v2/text-markdown-cms/workload.js": "4146d07de30bbf0ffa2b34ab2edef7be8b7d5c8adfa55f1d2002b19a240ae29c",
    "http://127.0.0.1:45551/text-markdown-cms-worker.js": "12e46e6293f5e7210b6a7ff5559a956352fb3b97321d91bb766f01c6187f74b5",
    "http://127.0.0.1:45713/benchmarks/base/document-pdf-viewer/engine.js": "ee98b74ea009a66da11afa55feba379ed275c8f7275e212c4934ea540b7f590b",
    "http://127.0.0.1:45713/benchmarks/document-pdf-viewer-v1/worker.js": "aca55ee3ad7a47c679417d823640d433251249c3045a2169fb0e792eb65676e5",
    "http://127.0.0.1:45723/archive-zip-worker.js": "67e13259f2d7fcaf5be29c343526f48bcc9cee47e224f436896bd0a51b485e44",
    "http://127.0.0.1:45723/benchmarks/v1/archive-zip-workspace/engine.js": "16aadf39ada86ee406e76a6657a9fd905f9f02813dcf5bd1caf781791e5c985a",
    "http://127.0.0.1:46495/benchmarks/ml-gemm/neural-gemm-worker.js": "ca76f239bbc914a10f8cc1055d66ef03a9ad405c303e43bd24071b600b0e8c9b",
    "http://127.0.0.1:46495/benchmarks/v2/ml-gemm/workload.js": "d2dbc04bf3146adc1533cf2913eef44004dc6d0b5fba14a81f47bc5fbc60d030",
    "http://127.0.0.1:46495/benchmarks/v2/shared/allocations.js": "24eccf431792664186a59c7424bc9ff29b4dabc87d92db42848c6ff9b32523cc",
    "http://127.0.0.1:46495/benchmarks/v2/shared/generator.js": "c6f95cbd14eb172ed5496d504bd9772e1e2a315f9bfa903704b404f4d6b94f30",
    "http://127.0.0.1:46827/base-ml-keyword-spotting-worker.js": "bfafb03e5625880b0f6500a2fd17c833a9cecec430de0b29fd996457bcfdc2b5",
    "http://127.0.0.1:46827/benchmarks/base/ml-keyword-spotting/constants.v1.js": "2c3f5268662464487a48c16bf159802550cfd306e81d47cd982b179ca5208a41",
    "http://127.0.0.1:46827/benchmarks/base/ml-keyword-spotting/engine.js": "1b5758d0563fadb0fe022227e1d58f7317ea1ea683fc78f3384b985609cf695f",
    "http://127.0.0.1:46849/benchmarks/base-gltf-viewer/worker.js": "1a31129d7bc07b0115ba88c7f76e20f030f248cb83a3431fc8f91e710bd0a00d",
    "http://127.0.0.1:46849/benchmarks/base/graphics-gltf-viewer/engine.js": "04fb6cc947222f2af5a077b0982ad201300823beb9424c1492729c9b891cfadb"
  },
  "workspace": {
    "dependencies": [
      "npm:ajv-formats@3.0.1",
      "npm:ajv@8.17.1",
      "npm:wabt@1.0.37"
    ]
  }
}
